
Microsoft Visual Studio Solution File, Format Version 12.00
# Visual Studio Version 16
VisualStudioVersion = 16.0.29709.97
MinimumVisualStudioVersion = 10.0.40219.1
Project("{FAE04EC0-301F-11D3-BF4B-00C04F79EFBC}") = "Pairs_7_8", "Pairs_7_8\Pairs_7_8.csproj", "{4F00E6DB-EFEE-4E55-B163-407D4C8124D2}"
EndProject
Global
	GlobalSection(SolutionConfigurationPlatforms) = preSolution
		Debug|Any CPU = Debug|Any CPU
		Release|Any CPU = Release|Any CPU
	EndGlobalSection
	GlobalSection(ProjectConfigurationPlatforms) = postSolution
		{4F00E6DB-EFEE-4E55-B163-407D4C8124D2}.Debug|Any CPU.ActiveCfg = Debug|Any CPU
		{4F00E6DB-EFEE-4E55-B163-407D4C8124D2}.Debug|Any CPU.Build.0 = Debug|Any CPU
		{4F00E6DB-EFEE-4E55-B163-407D4C8124D2}.Release|Any CPU.ActiveCfg = Release|Any CPU
		{4F00E6DB-EFEE-4E55-B163-407D4C8124D2}.Release|Any CPU.Build.0 = Release|Any CPU
	EndGlobalSection
	GlobalSection(SolutionProperties) = preSolution
		HideSolutionNode = FALSE
	EndGlobalSection
	GlobalSection(ExtensibilityGlobals) = postSolution
		SolutionGuid = {EEAC0DBD-9D76-40EE-A3FC-1E37402D7571}
	EndGlobalSection
EndGlobal
