
Microsoft Visual Studio Solution File, Format Version 12.00
# Visual Studio Version 16
VisualStudioVersion = 16.0.29709.97
MinimumVisualStudioVersion = 10.0.40219.1
Project("{FAE04EC0-301F-11D3-BF4B-00C04F79EFBC}") = "Pairs_1_2", "Pairs_1_2\Pairs_1_2.csproj", "{FD7D9C20-943C-442A-96F9-5DFB364FE829}"
EndProject
Global
	GlobalSection(SolutionConfigurationPlatforms) = preSolution
		Debug|Any CPU = Debug|Any CPU
		Release|Any CPU = Release|Any CPU
	EndGlobalSection
	GlobalSection(ProjectConfigurationPlatforms) = postSolution
		{FD7D9C20-943C-442A-96F9-5DFB364FE829}.Debug|Any CPU.ActiveCfg = Debug|Any CPU
		{FD7D9C20-943C-442A-96F9-5DFB364FE829}.Debug|Any CPU.Build.0 = Debug|Any CPU
		{FD7D9C20-943C-442A-96F9-5DFB364FE829}.Release|Any CPU.ActiveCfg = Release|Any CPU
		{FD7D9C20-943C-442A-96F9-5DFB364FE829}.Release|Any CPU.Build.0 = Release|Any CPU
	EndGlobalSection
	GlobalSection(SolutionProperties) = preSolution
		HideSolutionNode = FALSE
	EndGlobalSection
	GlobalSection(ExtensibilityGlobals) = postSolution
		SolutionGuid = {3BD33495-EEB9-44AC-B4B0-BDF6E4DAB43A}
	EndGlobalSection
EndGlobal
