
Microsoft Visual Studio Solution File, Format Version 12.00
# Visual Studio Version 16
VisualStudioVersion = 16.0.29709.97
MinimumVisualStudioVersion = 10.0.40219.1
Project("{FAE04EC0-301F-11D3-BF4B-00C04F79EFBC}") = "Pairs_3_4", "Pairs_3_4\Pairs_3_4.csproj", "{D120F541-4FD6-48F6-96E5-66C6AF2C3BF1}"
EndProject
Global
	GlobalSection(SolutionConfigurationPlatforms) = preSolution
		Debug|Any CPU = Debug|Any CPU
		Release|Any CPU = Release|Any CPU
	EndGlobalSection
	GlobalSection(ProjectConfigurationPlatforms) = postSolution
		{D120F541-4FD6-48F6-96E5-66C6AF2C3BF1}.Debug|Any CPU.ActiveCfg = Debug|Any CPU
		{D120F541-4FD6-48F6-96E5-66C6AF2C3BF1}.Debug|Any CPU.Build.0 = Debug|Any CPU
		{D120F541-4FD6-48F6-96E5-66C6AF2C3BF1}.Release|Any CPU.ActiveCfg = Release|Any CPU
		{D120F541-4FD6-48F6-96E5-66C6AF2C3BF1}.Release|Any CPU.Build.0 = Release|Any CPU
	EndGlobalSection
	GlobalSection(SolutionProperties) = preSolution
		HideSolutionNode = FALSE
	EndGlobalSection
	GlobalSection(ExtensibilityGlobals) = postSolution
		SolutionGuid = {5A0C689D-006A-4948-8A08-5D011BAA42B7}
	EndGlobalSection
EndGlobal
